
Microsoft Visual Studio Solution File, Format Version 12.00
# Visual Studio 2012
Project("{FAE04EC0-301F-11D3-BF4B-00C04F79EFBC}") = "Gnip", "Gnip\Gnip.csproj", "{C37E5D19-25AD-44E4-8877-FBA2C1B29AD2}"
EndProject
Global
	GlobalSection(SolutionConfigurationPlatforms) = preSolution
		Debug|Any CPU = Debug|Any CPU
		Release|Any CPU = Release|Any CPU
	EndGlobalSection
	GlobalSection(ProjectConfigurationPlatforms) = postSolution
		{C37E5D19-25AD-44E4-8877-FBA2C1B29AD2}.Debug|Any CPU.ActiveCfg = Debug|Any CPU
		{C37E5D19-25AD-44E4-8877-FBA2C1B29AD2}.Debug|Any CPU.Build.0 = Debug|Any CPU
		{C37E5D19-25AD-44E4-8877-FBA2C1B29AD2}.Release|Any CPU.ActiveCfg = Release|Any CPU
		{C37E5D19-25AD-44E4-8877-FBA2C1B29AD2}.Release|Any CPU.Build.0 = Release|Any CPU
	EndGlobalSection
	GlobalSection(SolutionProperties) = preSolution
		HideSolutionNode = FALSE
	EndGlobalSection
EndGlobal
